
Microsoft Visual Studio Solution File, Format Version 12.00
# Visual Studio 2013
VisualStudioVersion = 12.0.21005.1
MinimumVisualStudioVersion = 10.0.40219.1
Project("{FAE04EC0-301F-11D3-BF4B-00C04F79EFBC}") = "MvcApplication37", "MvcApplication37\MvcApplication37.csproj", "{440FA536-77D7-4DCB-BD87-F38F50CB8867}"
EndProject
Global
	GlobalSection(SolutionConfigurationPlatforms) = preSolution
		Debug|Any CPU = Debug|Any CPU
		Release|Any CPU = Release|Any CPU
	EndGlobalSection
	GlobalSection(ProjectConfigurationPlatforms) = postSolution
		{440FA536-77D7-4DCB-BD87-F38F50CB8867}.Debug|Any CPU.ActiveCfg = Debug|Any CPU
		{440FA536-77D7-4DCB-BD87-F38F50CB8867}.Debug|Any CPU.Build.0 = Debug|Any CPU
		{440FA536-77D7-4DCB-BD87-F38F50CB8867}.Release|Any CPU.ActiveCfg = Release|Any CPU
		{440FA536-77D7-4DCB-BD87-F38F50CB8867}.Release|Any CPU.Build.0 = Release|Any CPU
	EndGlobalSection
	GlobalSection(SolutionProperties) = preSolution
		HideSolutionNode = FALSE
	EndGlobalSection
EndGlobal
